// !$*UTF8*$!
{
	archiveVersion = 1;
	classes = {
	};
	objectVersion = 56;
	objects = {

/* Begin PBXBuildFile section */
		0A17A4472B7CC9340028B15E /* ProfileViewController.swift in Sources */ = {isa = PBXBuildFile; fileRef = 0A17A4462B7CC9340028B15E /* ProfileViewController.swift */; };
		0A17A4492B7CCB160028B15E /* ShopingCartViewContoller.swift in Sources */ = {isa = PBXBuildFile; fileRef = 0A17A4482B7CCB160028B15E /* ShopingCartViewContoller.swift */; };
		0A17A44D2B7CCB830028B15E /* StoreView.swift in Sources */ = {isa = PBXBuildFile; fileRef = 0A17A44C2B7CCB830028B15E /* StoreView.swift */; };
		0A17A44F2B7CCC270028B15E /* ProfileView.swift in Sources */ = {isa = PBXBuildFile; fileRef = 0A17A44E2B7CCC270028B15E /* ProfileView.swift */; };
		0A17A4512B7CCC5C0028B15E /* ShopingCartView.swift in Sources */ = {isa = PBXBuildFile; fileRef = 0A17A4502B7CCC5C0028B15E /* ShopingCartView.swift */; };
		0A17A4532B7CCEA70028B15E /* ShopTabBarController.swift in Sources */ = {isa = PBXBuildFile; fileRef = 0A17A4522B7CCEA70028B15E /* ShopTabBarController.swift */; };
		0A17A4552B7CD3860028B15E /* StoreItem.swift in Sources */ = {isa = PBXBuildFile; fileRef = 0A17A4542B7CD3860028B15E /* StoreItem.swift */; };
		0A9D77A92B71282000774B49 /* AppDelegate.swift in Sources */ = {isa = PBXBuildFile; fileRef = 0A9D77A82B71282000774B49 /* AppDelegate.swift */; };
		0A9D77AB2B71282000774B49 /* SceneDelegate.swift in Sources */ = {isa = PBXBuildFile; fileRef = 0A9D77AA2B71282000774B49 /* SceneDelegate.swift */; };
		0A9D77AD2B71282000774B49 /* StoreViewController.swift in Sources */ = {isa = PBXBuildFile; fileRef = 0A9D77AC2B71282000774B49 /* StoreViewController.swift */; };
		0A9D77B22B71282100774B49 /* Assets.xcassets in Resources */ = {isa = PBXBuildFile; fileRef = 0A9D77B12B71282100774B49 /* Assets.xcassets */; };
		0AFF20DA2B7E2F8900AA02CB /* ProfileInfoViewController.swift in Sources */ = {isa = PBXBuildFile; fileRef = 0AFF20D92B7E2F8900AA02CB /* ProfileInfoViewController.swift */; };
		0AFF20DC2B7E2FA100AA02CB /* ProfileInfoView.swift in Sources */ = {isa = PBXBuildFile; fileRef = 0AFF20DB2B7E2FA100AA02CB /* ProfileInfoView.swift */; };
		0AFF20E02B81281000AA02CB /* ImagePicker.swift in Sources */ = {isa = PBXBuildFile; fileRef = 0AFF20DF2B81281000AA02CB /* ImagePicker.swift */; };
		1BA584452B7D499D0004FF0B /* SegmentCellView.swift in Sources */ = {isa = PBXBuildFile; fileRef = 1BA584442B7D499D0004FF0B /* SegmentCellView.swift */; };
		1BA584472B7D4FFE0004FF0B /* StoriesImageView.swift in Sources */ = {isa = PBXBuildFile; fileRef = 1BA584462B7D4FFE0004FF0B /* StoriesImageView.swift */; };
		1BA584492B7D64B40004FF0B /* SectionsCellView.swift in Sources */ = {isa = PBXBuildFile; fileRef = 1BA584482B7D64B40004FF0B /* SectionsCellView.swift */; };
		1BA5844F2B7E23540004FF0B /* ChoiceStoreViewController.swift in Sources */ = {isa = PBXBuildFile; fileRef = 1BA5844E2B7E23540004FF0B /* ChoiceStoreViewController.swift */; };
		1BA584522B7E2AC20004FF0B /* CellItemsView.swift in Sources */ = {isa = PBXBuildFile; fileRef = 1BA584512B7E2AC20004FF0B /* CellItemsView.swift */; };
		1BA584542B7E58330004FF0B /* ChooseSizeViewController.swift in Sources */ = {isa = PBXBuildFile; fileRef = 1BA584532B7E58330004FF0B /* ChooseSizeViewController.swift */; };
/* End PBXBuildFile section */

/* Begin PBXFileReference section */
		0A17A4462B7CC9340028B15E /* ProfileViewController.swift */ = {isa = PBXFileReference; lastKnownFileType = sourcecode.swift; path = ProfileViewController.swift; sourceTree = "<group>"; };
		0A17A4482B7CCB160028B15E /* ShopingCartViewContoller.swift */ = {isa = PBXFileReference; lastKnownFileType = sourcecode.swift; path = ShopingCartViewContoller.swift; sourceTree = "<group>"; };
		0A17A44C2B7CCB830028B15E /* StoreView.swift */ = {isa = PBXFileReference; lastKnownFileType = sourcecode.swift; path = StoreView.swift; sourceTree = "<group>"; };
		0A17A44E2B7CCC270028B15E /* ProfileView.swift */ = {isa = PBXFileReference; lastKnownFileType = sourcecode.swift; path = ProfileView.swift; sourceTree = "<group>"; };
		0A17A4502B7CCC5C0028B15E /* ShopingCartView.swift */ = {isa = PBXFileReference; lastKnownFileType = sourcecode.swift; path = ShopingCartView.swift; sourceTree = "<group>"; };
		0A17A4522B7CCEA70028B15E /* ShopTabBarController.swift */ = {isa = PBXFileReference; lastKnownFileType = sourcecode.swift; path = ShopTabBarController.swift; sourceTree = "<group>"; };
		0A17A4542B7CD3860028B15E /* StoreItem.swift */ = {isa = PBXFileReference; lastKnownFileType = sourcecode.swift; path = StoreItem.swift; sourceTree = "<group>"; };
		0A9D77A52B71282000774B49 /* UIKitTemplate.app */ = {isa = PBXFileReference; explicitFileType = wrapper.application; includeInIndex = 0; path = UIKitTemplate.app; sourceTree = BUILT_PRODUCTS_DIR; };
		0A9D77A82B71282000774B49 /* AppDelegate.swift */ = {isa = PBXFileReference; lastKnownFileType = sourcecode.swift; path = AppDelegate.swift; sourceTree = "<group>"; };
		0A9D77AA2B71282000774B49 /* SceneDelegate.swift */ = {isa = PBXFileReference; lastKnownFileType = sourcecode.swift; path = SceneDelegate.swift; sourceTree = "<group>"; };
		0A9D77AC2B71282000774B49 /* StoreViewController.swift */ = {isa = PBXFileReference; lastKnownFileType = sourcecode.swift; path = StoreViewController.swift; sourceTree = "<group>"; };
		0A9D77B12B71282100774B49 /* Assets.xcassets */ = {isa = PBXFileReference; lastKnownFileType = folder.assetcatalog; path = Assets.xcassets; sourceTree = "<group>"; };
		0A9D77B62B71282100774B49 /* Info.plist */ = {isa = PBXFileReference; lastKnownFileType = text.plist.xml; path = Info.plist; sourceTree = "<group>"; };
		0AFF20D92B7E2F8900AA02CB /* ProfileInfoViewController.swift */ = {isa = PBXFileReference; lastKnownFileType = sourcecode.swift; path = ProfileInfoViewController.swift; sourceTree = "<group>"; };
		0AFF20DB2B7E2FA100AA02CB /* ProfileInfoView.swift */ = {isa = PBXFileReference; lastKnownFileType = sourcecode.swift; path = ProfileInfoView.swift; sourceTree = "<group>"; };
		0AFF20DF2B81281000AA02CB /* ImagePicker.swift */ = {isa = PBXFileReference; lastKnownFileType = sourcecode.swift; path = ImagePicker.swift; sourceTree = "<group>"; };
		1BA584442B7D499D0004FF0B /* SegmentCellView.swift */ = {isa = PBXFileReference; lastKnownFileType = sourcecode.swift; path = SegmentCellView.swift; sourceTree = "<group>"; };
		1BA584462B7D4FFE0004FF0B /* StoriesImageView.swift */ = {isa = PBXFileReference; lastKnownFileType = sourcecode.swift; path = StoriesImageView.swift; sourceTree = "<group>"; };
		1BA584482B7D64B40004FF0B /* SectionsCellView.swift */ = {isa = PBXFileReference; lastKnownFileType = sourcecode.swift; path = SectionsCellView.swift; sourceTree = "<group>"; };
		1BA5844E2B7E23540004FF0B /* ChoiceStoreViewController.swift */ = {isa = PBXFileReference; lastKnownFileType = sourcecode.swift; path = ChoiceStoreViewController.swift; sourceTree = "<group>"; };
		1BA584512B7E2AC20004FF0B /* CellItemsView.swift */ = {isa = PBXFileReference; lastKnownFileType = sourcecode.swift; path = CellItemsView.swift; sourceTree = "<group>"; };
		1BA584532B7E58330004FF0B /* ChooseSizeViewController.swift */ = {isa = PBXFileReference; lastKnownFileType = sourcecode.swift; path = ChooseSizeViewController.swift; sourceTree = "<group>"; };
/* End PBXFileReference section */

/* Begin PBXFrameworksBuildPhase section */
		0A9D77A22B71282000774B49 /* Frameworks */ = {
			isa = PBXFrameworksBuildPhase;
			buildActionMask = 2147483647;
			files = (
			);
			runOnlyForDeploymentPostprocessing = 0;
		};
/* End PBXFrameworksBuildPhase section */

/* Begin PBXGroup section */
		0A17A4432B7CC8CF0028B15E /* Controllers */ = {
			isa = PBXGroup;
			children = (
				0A9D77AC2B71282000774B49 /* StoreViewController.swift */,
				1BA5844E2B7E23540004FF0B /* ChoiceStoreViewController.swift */,
				0A17A4462B7CC9340028B15E /* ProfileViewController.swift */,
				0AFF20D92B7E2F8900AA02CB /* ProfileInfoViewController.swift */,
				0A17A4482B7CCB160028B15E /* ShopingCartViewContoller.swift */,
			);
			path = Controllers;
			sourceTree = "<group>";
		};
		0A17A44A2B7CCB5D0028B15E /* Views */ = {
			isa = PBXGroup;
			children = (
				0A17A44C2B7CCB830028B15E /* StoreView.swift */,
				0A17A44E2B7CCC270028B15E /* ProfileView.swift */,
				0AFF20DB2B7E2FA100AA02CB /* ProfileInfoView.swift */,
				0A17A4502B7CCC5C0028B15E /* ShopingCartView.swift */,
			);
			path = Views;
			sourceTree = "<group>";
		};
		0A9D779C2B71282000774B49 = {
			isa = PBXGroup;
			children = (
				0AFF20DF2B81281000AA02CB /* ImagePicker.swift */,
				0A9D77A72B71282000774B49 /* UIKitTemplate */,
				0A9D77A62B71282000774B49 /* Products */,
			);
			sourceTree = "<group>";
		};
		0A9D77A62B71282000774B49 /* Products */ = {
			isa = PBXGroup;
			children = (
				0A9D77A52B71282000774B49 /* UIKitTemplate.app */,
			);
			name = Products;
			sourceTree = "<group>";
		};
		0A9D77A72B71282000774B49 /* UIKitTemplate */ = {
			isa = PBXGroup;
			children = (
				0A17A4542B7CD3860028B15E /* StoreItem.swift */,
				0A17A4522B7CCEA70028B15E /* ShopTabBarController.swift */,
				0A17A4432B7CC8CF0028B15E /* Controllers */,
				0A17A44A2B7CCB5D0028B15E /* Views */,
				0A9D77B12B71282100774B49 /* Assets.xcassets */,
				0A9D77B62B71282100774B49 /* Info.plist */,
				0A9D77AA2B71282000774B49 /* SceneDelegate.swift */,
				0A9D77A82B71282000774B49 /* AppDelegate.swift */,
				1BA584442B7D499D0004FF0B /* SegmentCellView.swift */,
				1BA584462B7D4FFE0004FF0B /* StoriesImageView.swift */,
				1BA584482B7D64B40004FF0B /* SectionsCellView.swift */,
				1BA584512B7E2AC20004FF0B /* CellItemsView.swift */,
				1BA584532B7E58330004FF0B /* ChooseSizeViewController.swift */,
			);
			path = UIKitTemplate;
			sourceTree = "<group>";
		};
/* End PBXGroup section */

/* Begin PBXNativeTarget section */
		0A9D77A42B71282000774B49 /* UIKitTemplate */ = {
			isa = PBXNativeTarget;
			buildConfigurationList = 0A9D77B92B71282100774B49 /* Build configuration list for PBXNativeTarget "UIKitTemplate" */;
			buildPhases = (
				0A7D98252B718A6C002C7FD9 /* SwiftFormat */,
				0A9D77C02B717F1C00774B49 /* SwiftLint */,
				0A9D77A12B71282000774B49 /* Sources */,
				0A9D77A22B71282000774B49 /* Frameworks */,
				0A9D77A32B71282000774B49 /* Resources */,
			);
			buildRules = (
			);
			dependencies = (
			);
			name = UIKitTemplate;
			productName = UIKitTemplate;
			productReference = 0A9D77A52B71282000774B49 /* UIKitTemplate.app */;
			productType = "com.apple.product-type.application";
		};
/* End PBXNativeTarget section */

/* Begin PBXProject section */
		0A9D779D2B71282000774B49 /* Project object */ = {
			isa = PBXProject;
			attributes = {
				BuildIndependentTargetsInParallel = 1;
				LastSwiftUpdateCheck = 1520;
				LastUpgradeCheck = 1520;
				TargetAttributes = {
					0A9D77A42B71282000774B49 = {
						CreatedOnToolsVersion = 15.2;
					};
				};
			};
			buildConfigurationList = 0A9D77A02B71282000774B49 /* Build configuration list for PBXProject "UIKitTemplate" */;
			compatibilityVersion = "Xcode 14.0";
			developmentRegion = en;
			hasScannedForEncodings = 0;
			knownRegions = (
				en,
				Base,
			);
			mainGroup = 0A9D779C2B71282000774B49;
			productRefGroup = 0A9D77A62B71282000774B49 /* Products */;
			projectDirPath = "";
			projectRoot = "";
			targets = (
				0A9D77A42B71282000774B49 /* UIKitTemplate */,
			);
		};
/* End PBXProject section */

/* Begin PBXResourcesBuildPhase section */
		0A9D77A32B71282000774B49 /* Resources */ = {
			isa = PBXResourcesBuildPhase;
			buildActionMask = 2147483647;
			files = (
				0A9D77B22B71282100774B49 /* Assets.xcassets in Resources */,
			);
			runOnlyForDeploymentPostprocessing = 0;
		};
/* End PBXResourcesBuildPhase section */

/* Begin PBXShellScriptBuildPhase section */
		0A7D98252B718A6C002C7FD9 /* SwiftFormat */ = {
			isa = PBXShellScriptBuildPhase;
			alwaysOutOfDate = 1;
			buildActionMask = 2147483647;
			files = (
			);
			inputFileListPaths = (
			);
			inputPaths = (
			);
			name = SwiftFormat;
			outputFileListPaths = (
			);
			outputPaths = (
			);
			runOnlyForDeploymentPostprocessing = 0;
			shellPath = /bin/sh;
			shellScript = "if [[ \"$(uname -m)\" == arm64 ]]; then\n    export PATH=\"/opt/homebrew/bin:$PATH\"\nfi\n\nif which swiftformat > /dev/null; then\n  swiftformat .\nelse\n  echo \"warning: SwiftFormat not installed, download from https://github.com/nicklockwood/SwiftFormat\"\nfi\n";
			showEnvVarsInLog = 0;
		};
		0A9D77C02B717F1C00774B49 /* SwiftLint */ = {
			isa = PBXShellScriptBuildPhase;
			alwaysOutOfDate = 1;
			buildActionMask = 2147483647;
			files = (
			);
			inputFileListPaths = (
			);
			inputPaths = (
			);
			name = SwiftLint;
			outputFileListPaths = (
			);
			outputPaths = (
			);
			runOnlyForDeploymentPostprocessing = 0;
			shellPath = /bin/sh;
			shellScript = "if [[ \"$(uname -m)\" == arm64 ]]; then\n    export PATH=\"/opt/homebrew/bin:$PATH\"\nfi\n\nif which swiftlint > /dev/null; then\n  swiftlint\nelse\n  echo \"warning: SwiftLint not installed, download from https://github.com/realm/SwiftLint\"\nfi\n";
			showEnvVarsInLog = 0;
		};
/* End PBXShellScriptBuildPhase section */

/* Begin PBXSourcesBuildPhase section */
		0A9D77A12B71282000774B49 /* Sources */ = {
			isa = PBXSourcesBuildPhase;
			buildActionMask = 2147483647;
			files = (
				0AFF20DC2B7E2FA100AA02CB /* ProfileInfoView.swift in Sources */,
				0A17A4492B7CCB160028B15E /* ShopingCartViewContoller.swift in Sources */,
				1BA584472B7D4FFE0004FF0B /* StoriesImageView.swift in Sources */,
				1BA584492B7D64B40004FF0B /* SectionsCellView.swift in Sources */,
				0A9D77AD2B71282000774B49 /* StoreViewController.swift in Sources */,
				1BA584542B7E58330004FF0B /* ChooseSizeViewController.swift in Sources */,
				0A17A4472B7CC9340028B15E /* ProfileViewController.swift in Sources */,
				0AFF20E02B81281000AA02CB /* ImagePicker.swift in Sources */,
				1BA584522B7E2AC20004FF0B /* CellItemsView.swift in Sources */,
				0A9D77A92B71282000774B49 /* AppDelegate.swift in Sources */,
				0A17A4532B7CCEA70028B15E /* ShopTabBarController.swift in Sources */,
				1BA584452B7D499D0004FF0B /* SegmentCellView.swift in Sources */,
				0A17A44D2B7CCB830028B15E /* StoreView.swift in Sources */,
				0A17A4552B7CD3860028B15E /* StoreItem.swift in Sources */,
				0A17A4512B7CCC5C0028B15E /* ShopingCartView.swift in Sources */,
				0A17A44F2B7CCC270028B15E /* ProfileView.swift in Sources */,
				0AFF20DA2B7E2F8900AA02CB /* ProfileInfoViewController.swift in Sources */,
				0A9D77AB2B71282000774B49 /* SceneDelegate.swift in Sources */,
				1BA5844F2B7E23540004FF0B /* ChoiceStoreViewController.swift in Sources */,
			);
			runOnlyForDeploymentPostprocessing = 0;
		};
/* End PBXSourcesBuildPhase section */

/* Begin XCBuildConfiguration section */
		0A9D77B72B71282100774B49 /* Debug */ = {
			isa = XCBuildConfiguration;
			buildSettings = {
				ALWAYS_SEARCH_USER_PATHS = NO;
				ASSETCATALOG_COMPILER_GENERATE_SWIFT_ASSET_SYMBOL_EXTENSIONS = YES;
				CLANG_ANALYZER_NONNULL = YES;
				CLANG_ANALYZER_NUMBER_OBJECT_CONVERSION = YES_AGGRESSIVE;
				CLANG_CXX_LANGUAGE_STANDARD = "gnu++20";
				CLANG_ENABLE_MODULES = YES;
				CLANG_ENABLE_OBJC_ARC = YES;
				CLANG_ENABLE_OBJC_WEAK = YES;
				CLANG_WARN_BLOCK_CAPTURE_AUTORELEASING = YES;
				CLANG_WARN_BOOL_CONVERSION = YES;
				CLANG_WARN_COMMA = YES;
				CLANG_WARN_CONSTANT_CONVERSION = YES;
				CLANG_WARN_DEPRECATED_OBJC_IMPLEMENTATIONS = YES;
				CLANG_WARN_DIRECT_OBJC_ISA_USAGE = YES_ERROR;
				CLANG_WARN_DOCUMENTATION_COMMENTS = YES;
				CLANG_WARN_EMPTY_BODY = YES;
				CLANG_WARN_ENUM_CONVERSION = YES;
				CLANG_WARN_INFINITE_RECURSION = YES;
				CLANG_WARN_INT_CONVERSION = YES;
				CLANG_WARN_NON_LITERAL_NULL_CONVERSION = YES;
				CLANG_WARN_OBJC_IMPLICIT_RETAIN_SELF = YES;
				CLANG_WARN_OBJC_LITERAL_CONVERSION = YES;
				CLANG_WARN_OBJC_ROOT_CLASS = YES_ERROR;
				CLANG_WARN_QUOTED_INCLUDE_IN_FRAMEWORK_HEADER = YES;
				CLANG_WARN_RANGE_LOOP_ANALYSIS = YES;
				CLANG_WARN_STRICT_PROTOTYPES = YES;
				CLANG_WARN_SUSPICIOUS_MOVE = YES;
				CLANG_WARN_UNGUARDED_AVAILABILITY = YES_AGGRESSIVE;
				CLANG_WARN_UNREACHABLE_CODE = YES;
				CLANG_WARN__DUPLICATE_METHOD_MATCH = YES;
				COPY_PHASE_STRIP = NO;
				DEBUG_INFORMATION_FORMAT = dwarf;
				ENABLE_STRICT_OBJC_MSGSEND = YES;
				ENABLE_TESTABILITY = YES;
				ENABLE_USER_SCRIPT_SANDBOXING = YES;
				GCC_C_LANGUAGE_STANDARD = gnu17;
				GCC_DYNAMIC_NO_PIC = NO;
				GCC_NO_COMMON_BLOCKS = YES;
				GCC_OPTIMIZATION_LEVEL = 0;
				GCC_PREPROCESSOR_DEFINITIONS = (
					"DEBUG=1",
					"$(inherited)",
				);
				GCC_WARN_64_TO_32_BIT_CONVERSION = YES;
				GCC_WARN_ABOUT_RETURN_TYPE = YES_ERROR;
				GCC_WARN_UNDECLARED_SELECTOR = YES;
				GCC_WARN_UNINITIALIZED_AUTOS = YES_AGGRESSIVE;
				GCC_WARN_UNUSED_FUNCTION = YES;
				GCC_WARN_UNUSED_VARIABLE = YES;
				IPHONEOS_DEPLOYMENT_TARGET = 17.2;
				LOCALIZATION_PREFERS_STRING_CATALOGS = YES;
				MTL_ENABLE_DEBUG_INFO = INCLUDE_SOURCE;
				MTL_FAST_MATH = YES;
				ONLY_ACTIVE_ARCH = YES;
				SDKROOT = iphoneos;
				SWIFT_ACTIVE_COMPILATION_CONDITIONS = "DEBUG $(inherited)";
				SWIFT_OPTIMIZATION_LEVEL = "-Onone";
			};
			name = Debug;
		};
		0A9D77B82B71282100774B49 /* Release */ = {
			isa = XCBuildConfiguration;
			buildSettings = {
				ALWAYS_SEARCH_USER_PATHS = NO;
				ASSETCATALOG_COMPILER_GENERATE_SWIFT_ASSET_SYMBOL_EXTENSIONS = YES;
				CLANG_ANALYZER_NONNULL = YES;
				CLANG_ANALYZER_NUMBER_OBJECT_CONVERSION = YES_AGGRESSIVE;
				CLANG_CXX_LANGUAGE_STANDARD = "gnu++20";
				CLANG_ENABLE_MODULES = YES;
				CLANG_ENABLE_OBJC_ARC = YES;
				CLANG_ENABLE_OBJC_WEAK = YES;
				CLANG_WARN_BLOCK_CAPTURE_AUTORELEASING = YES;
				CLANG_WARN_BOOL_CONVERSION = YES;
				CLANG_WARN_COMMA = YES;
				CLANG_WARN_CONSTANT_CONVERSION = YES;
				CLANG_WARN_DEPRECATED_OBJC_IMPLEMENTATIONS = YES;
				CLANG_WARN_DIRECT_OBJC_ISA_USAGE = YES_ERROR;
				CLANG_WARN_DOCUMENTATION_COMMENTS = YES;
				CLANG_WARN_EMPTY_BODY = YES;
				CLANG_WARN_ENUM_CONVERSION = YES;
				CLANG_WARN_INFINITE_RECURSION = YES;
				CLANG_WARN_INT_CONVERSION = YES;
				CLANG_WARN_NON_LITERAL_NULL_CONVERSION = YES;
				CLANG_WARN_OBJC_IMPLICIT_RETAIN_SELF = YES;
				CLANG_WARN_OBJC_LITERAL_CONVERSION = YES;
				CLANG_WARN_OBJC_ROOT_CLASS = YES_ERROR;
				CLANG_WARN_QUOTED_INCLUDE_IN_FRAMEWORK_HEADER = YES;
				CLANG_WARN_RANGE_LOOP_ANALYSIS = YES;
				CLANG_WARN_STRICT_PROTOTYPES = YES;
				CLANG_WARN_SUSPICIOUS_MOVE = YES;
				CLANG_WARN_UNGUARDED_AVAILABILITY = YES_AGGRESSIVE;
				CLANG_WARN_UNREACHABLE_CODE = YES;
				CLANG_WARN__DUPLICATE_METHOD_MATCH = YES;
				COPY_PHASE_STRIP = NO;
				DEBUG_INFORMATION_FORMAT = "dwarf-with-dsym";
				ENABLE_NS_ASSERTIONS = NO;
				ENABLE_STRICT_OBJC_MSGSEND = YES;
				ENABLE_USER_SCRIPT_SANDBOXING = YES;
				GCC_C_LANGUAGE_STANDARD = gnu17;
				GCC_NO_COMMON_BLOCKS = YES;
				GCC_WARN_64_TO_32_BIT_CONVERSION = YES;
				GCC_WARN_ABOUT_RETURN_TYPE = YES_ERROR;
				GCC_WARN_UNDECLARED_SELECTOR = YES;
				GCC_WARN_UNINITIALIZED_AUTOS = YES_AGGRESSIVE;
				GCC_WARN_UNUSED_FUNCTION = YES;
				GCC_WARN_UNUSED_VARIABLE = YES;
				IPHONEOS_DEPLOYMENT_TARGET = 17.2;
				LOCALIZATION_PREFERS_STRING_CATALOGS = YES;
				MTL_ENABLE_DEBUG_INFO = NO;
				MTL_FAST_MATH = YES;
				SDKROOT = iphoneos;
				SWIFT_COMPILATION_MODE = wholemodule;
				VALIDATE_PRODUCT = YES;
			};
			name = Release;
		};
		0A9D77BA2B71282100774B49 /* Debug */ = {
			isa = XCBuildConfiguration;
			buildSettings = {
				ASSETCATALOG_COMPILER_APPICON_NAME = AppIcon;
				ASSETCATALOG_COMPILER_GLOBAL_ACCENT_COLOR_NAME = AccentColor;
				CODE_SIGN_STYLE = Automatic;
				CURRENT_PROJECT_VERSION = 1;
				DEVELOPMENT_TEAM = SRSLA2T5UH;
				ENABLE_USER_SCRIPT_SANDBOXING = NO;
				GENERATE_INFOPLIST_FILE = YES;
				INFOPLIST_FILE = UIKitTemplate/Info.plist;
				INFOPLIST_KEY_NSCameraUsageDescription = "$(PRODUCT_NAME) camera use";
				INFOPLIST_KEY_NSPhotoLibraryUsageDescription = "$(PRODUCT_NAME) photo use";
				INFOPLIST_KEY_UIApplicationSupportsIndirectInputEvents = YES;
				INFOPLIST_KEY_UILaunchStoryboardName = LaunchScreen;
				INFOPLIST_KEY_UISupportedInterfaceOrientations_iPad = "UIInterfaceOrientationPortrait UIInterfaceOrientationPortraitUpsideDown UIInterfaceOrientationLandscapeLeft UIInterfaceOrientationLandscapeRight";
				INFOPLIST_KEY_UISupportedInterfaceOrientations_iPhone = "UIInterfaceOrientationPortrait UIInterfaceOrientationLandscapeLeft UIInterfaceOrientationLandscapeRight";
				LD_RUNPATH_SEARCH_PATHS = (
					"$(inherited)",
					"@executable_path/Frameworks",
				);
				MARKETING_VERSION = 1.0;
				PRODUCT_BUNDLE_IDENTIFIER = NairoNFeeD.UIKitTemplate;
				PRODUCT_NAME = "$(TARGET_NAME)";
				SWIFT_EMIT_LOC_STRINGS = YES;
				SWIFT_VERSION = 5.0;
				TARGETED_DEVICE_FAMILY = "1,2";
			};
			name = Debug;
		};
		0A9D77BB2B71282100774B49 /* Release */ = {
			isa = XCBuildConfiguration;
			buildSettings = {
				ASSETCATALOG_COMPILER_APPICON_NAME = AppIcon;
				ASSETCATALOG_COMPILER_GLOBAL_ACCENT_COLOR_NAME = AccentColor;
				CODE_SIGN_STYLE = Automatic;
				CURRENT_PROJECT_VERSION = 1;
				DEVELOPMENT_TEAM = SRSLA2T5UH;
				ENABLE_USER_SCRIPT_SANDBOXING = NO;
				GENERATE_INFOPLIST_FILE = YES;
				INFOPLIST_FILE = UIKitTemplate/Info.plist;
				INFOPLIST_KEY_NSCameraUsageDescription = "$(PRODUCT_NAME) camera use";
				INFOPLIST_KEY_NSPhotoLibraryUsageDescription = "$(PRODUCT_NAME) photo use";
				INFOPLIST_KEY_UIApplicationSupportsIndirectInputEvents = YES;
				INFOPLIST_KEY_UILaunchStoryboardName = LaunchScreen;
				INFOPLIST_KEY_UISupportedInterfaceOrientations_iPad = "UIInterfaceOrientationPortrait UIInterfaceOrientationPortraitUpsideDown UIInterfaceOrientationLandscapeLeft UIInterfaceOrientationLandscapeRight";
				INFOPLIST_KEY_UISupportedInterfaceOrientations_iPhone = "UIInterfaceOrientationPortrait UIInterfaceOrientationLandscapeLeft UIInterfaceOrientationLandscapeRight";
				LD_RUNPATH_SEARCH_PATHS = (
					"$(inherited)",
					"@executable_path/Frameworks",
				);
				MARKETING_VERSION = 1.0;
				PRODUCT_BUNDLE_IDENTIFIER = NairoNFeeD.UIKitTemplate;
				PRODUCT_NAME = "$(TARGET_NAME)";
				SWIFT_EMIT_LOC_STRINGS = YES;
				SWIFT_VERSION = 5.0;
				TARGETED_DEVICE_FAMILY = "1,2";
			};
			name = Release;
		};
/* End XCBuildConfiguration section */

/* Begin XCConfigurationList section */
		0A9D77A02B71282000774B49 /* Build configuration list for PBXProject "UIKitTemplate" */ = {
			isa = XCConfigurationList;
			buildConfigurations = (
				0A9D77B72B71282100774B49 /* Debug */,
				0A9D77B82B71282100774B49 /* Release */,
			);
			defaultConfigurationIsVisible = 0;
			defaultConfigurationName = Release;
		};
		0A9D77B92B71282100774B49 /* Build configuration list for PBXNativeTarget "UIKitTemplate" */ = {
			isa = XCConfigurationList;
			buildConfigurations = (
				0A9D77BA2B71282100774B49 /* Debug */,
				0A9D77BB2B71282100774B49 /* Release */,
			);
			defaultConfigurationIsVisible = 0;
			defaultConfigurationName = Release;
		};
/* End XCConfigurationList section */
	};
	rootObject = 0A9D779D2B71282000774B49 /* Project object */;
}
